
Microsoft Visual Studio Solution File, Format Version 12.00
# Visual Studio 15
VisualStudioVersion = 15.0.28307.168
MinimumVisualStudioVersion = 10.0.40219.1
Project("{FAE04EC0-301F-11D3-BF4B-00C04F79EFBC}") = "WebApplication1", "WebApplication1\WebApplication1.csproj", "{C4739C08-0B3E-484D-992D-1B2584528E6F}"
EndProject
Global
	GlobalSection(SolutionConfigurationPlatforms) = preSolution
		Debug|Any CPU = Debug|Any CPU
		Release|Any CPU = Release|Any CPU
	EndGlobalSection
	GlobalSection(ProjectConfigurationPlatforms) = postSolution
		{C4739C08-0B3E-484D-992D-1B2584528E6F}.Debug|Any CPU.ActiveCfg = Debug|Any CPU
		{C4739C08-0B3E-484D-992D-1B2584528E6F}.Debug|Any CPU.Build.0 = Debug|Any CPU
		{C4739C08-0B3E-484D-992D-1B2584528E6F}.Release|Any CPU.ActiveCfg = Release|Any CPU
		{C4739C08-0B3E-484D-992D-1B2584528E6F}.Release|Any CPU.Build.0 = Release|Any CPU
	EndGlobalSection
	GlobalSection(SolutionProperties) = preSolution
		HideSolutionNode = FALSE
	EndGlobalSection
	GlobalSection(ExtensibilityGlobals) = postSolution
		SolutionGuid = {A27B004F-23A8-4947-B54C-808BE980D061}
	EndGlobalSection
EndGlobal
